
Microsoft Visual Studio Solution File, Format Version 12.00
# Visual Studio 2013
VisualStudioVersion = 12.0.31101.0
MinimumVisualStudioVersion = 10.0.40219.1
Project("{FAE04EC0-301F-11D3-BF4B-00C04F79EFBC}") = "Xsseract.Droid", "Xsseract.Droid\Xsseract.Droid.csproj", "{BB34A9CA-7CCA-46CF-9389-DD016359D69E}"
EndProject
Project("{FAE04EC0-301F-11D3-BF4B-00C04F79EFBC}") = "Tesseract.Bindings.Droid", "Tesseract.Bindings.Droid\Tesseract.Bindings.Droid.csproj", "{1026A8D5-3BAA-4722-8136-9FBB367E236D}"
EndProject
Project("{FAE04EC0-301F-11D3-BF4B-00C04F79EFBC}") = "Crashlytics.Bindings.Droid", "Crashlytics.Bindings.Droid\Crashlytics.Bindings.Droid.csproj", "{4E012760-FBB5-4594-A259-27496F62948C}"
EndProject
Global
	GlobalSection(SolutionConfigurationPlatforms) = preSolution
		Debug|Any CPU = Debug|Any CPU
		Release|Any CPU = Release|Any CPU
	EndGlobalSection
	GlobalSection(ProjectConfigurationPlatforms) = postSolution
		{BB34A9CA-7CCA-46CF-9389-DD016359D69E}.Debug|Any CPU.ActiveCfg = Debug|Any CPU
		{BB34A9CA-7CCA-46CF-9389-DD016359D69E}.Debug|Any CPU.Build.0 = Debug|Any CPU
		{BB34A9CA-7CCA-46CF-9389-DD016359D69E}.Debug|Any CPU.Deploy.0 = Debug|Any CPU
		{BB34A9CA-7CCA-46CF-9389-DD016359D69E}.Release|Any CPU.ActiveCfg = Release|Any CPU
		{BB34A9CA-7CCA-46CF-9389-DD016359D69E}.Release|Any CPU.Build.0 = Release|Any CPU
		{BB34A9CA-7CCA-46CF-9389-DD016359D69E}.Release|Any CPU.Deploy.0 = Release|Any CPU
		{1026A8D5-3BAA-4722-8136-9FBB367E236D}.Debug|Any CPU.ActiveCfg = Debug|Any CPU
		{1026A8D5-3BAA-4722-8136-9FBB367E236D}.Debug|Any CPU.Build.0 = Debug|Any CPU
		{1026A8D5-3BAA-4722-8136-9FBB367E236D}.Release|Any CPU.ActiveCfg = Release|Any CPU
		{1026A8D5-3BAA-4722-8136-9FBB367E236D}.Release|Any CPU.Build.0 = Release|Any CPU
		{4E012760-FBB5-4594-A259-27496F62948C}.Debug|Any CPU.ActiveCfg = Debug|Any CPU
		{4E012760-FBB5-4594-A259-27496F62948C}.Release|Any CPU.ActiveCfg = Release|Any CPU
	EndGlobalSection
	GlobalSection(SolutionProperties) = preSolution
		HideSolutionNode = FALSE
	EndGlobalSection
EndGlobal
